// !$*UTF8*$!
{
	archiveVersion = 1;
	classes = {
	};
	objectVersion = 50;
	objects = {

/* Begin PBXBuildFile section */
		0E262ED32AF737AF00C3CE26 /* ProyectoFinalApp.swift in Sources */ = {isa = PBXBuildFile; fileRef = 0E262ED22AF737AF00C3CE26 /* ProyectoFinalApp.swift */; };
		0E262ED52AF737AF00C3CE26 /* ContentView.swift in Sources */ = {isa = PBXBuildFile; fileRef = 0E262ED42AF737AF00C3CE26 /* ContentView.swift */; };
		0E262ED72AF737B000C3CE26 /* Assets.xcassets in Resources */ = {isa = PBXBuildFile; fileRef = 0E262ED62AF737B000C3CE26 /* Assets.xcassets */; };
		0E262EDA2AF737B000C3CE26 /* Preview Assets.xcassets in Resources */ = {isa = PBXBuildFile; fileRef = 0E262ED92AF737B000C3CE26 /* Preview Assets.xcassets */; };
		0E262EE52AF737B100C3CE26 /* ProyectoFinalTests.swift in Sources */ = {isa = PBXBuildFile; fileRef = 0E262EE42AF737B100C3CE26 /* ProyectoFinalTests.swift */; };
		0E262EF02AF737B100C3CE26 /* ProyectoFinalUITests.swift in Sources */ = {isa = PBXBuildFile; fileRef = 0E262EEF2AF737B100C3CE26 /* ProyectoFinalUITests.swift */; };
/* End PBXBuildFile section */

/* Begin PBXContainerItemProxy section */
		0E262EE12AF737B100C3CE26 /* PBXContainerItemProxy */ = {
			isa = PBXContainerItemProxy;
			containerPortal = 0E262EC72AF737AF00C3CE26 /* Project object */;
			proxyType = 1;
			remoteGlobalIDString = 0E262ECE2AF737AF00C3CE26;
			remoteInfo = ProyectoFinal;
		};
		0E262EEC2AF737B100C3CE26 /* PBXContainerItemProxy */ = {
			isa = PBXContainerItemProxy;
			containerPortal = 0E262EC72AF737AF00C3CE26 /* Project object */;
			proxyType = 1;
			remoteGlobalIDString = 0E262ECE2AF737AF00C3CE26;
			remoteInfo = ProyectoFinal;
		};
/* End PBXContainerItemProxy section */

/* Begin PBXFileReference section */
		0E262ECF2AF737AF00C3CE26 /* ProyectoFinal.app */ = {isa = PBXFileReference; explicitFileType = wrapper.application; includeInIndex = 0; path = ProyectoFinal.app; sourceTree = BUILT_PRODUCTS_DIR; };
		0E262ED22AF737AF00C3CE26 /* ProyectoFinalApp.swift */ = {isa = PBXFileReference; lastKnownFileType = sourcecode.swift; path = ProyectoFinalApp.swift; sourceTree = "<group>"; };
		0E262ED42AF737AF00C3CE26 /* ContentView.swift */ = {isa = PBXFileReference; lastKnownFileType = sourcecode.swift; path = ContentView.swift; sourceTree = "<group>"; };
		0E262ED62AF737B000C3CE26 /* Assets.xcassets */ = {isa = PBXFileReference; lastKnownFileType = folder.assetcatalog; path = Assets.xcassets; sourceTree = "<group>"; };
		0E262ED92AF737B000C3CE26 /* Preview Assets.xcassets */ = {isa = PBXFileReference; lastKnownFileType = folder.assetcatalog; path = "Preview Assets.xcassets"; sourceTree = "<group>"; };
		0E262EDB2AF737B000C3CE26 /* Info.plist */ = {isa = PBXFileReference; lastKnownFileType = text.plist.xml; path = Info.plist; sourceTree = "<group>"; };
		0E262EE02AF737B100C3CE26 /* ProyectoFinalTests.xctest */ = {isa = PBXFileReference; explicitFileType = wrapper.cfbundle; includeInIndex = 0; path = ProyectoFinalTests.xctest; sourceTree = BUILT_PRODUCTS_DIR; };
		0E262EE42AF737B100C3CE26 /* ProyectoFinalTests.swift */ = {isa = PBXFileReference; lastKnownFileType = sourcecode.swift; path = ProyectoFinalTests.swift; sourceTree = "<group>"; };
		0E262EE62AF737B100C3CE26 /* Info.plist */ = {isa = PBXFileReference; lastKnownFileType = text.plist.xml; path = Info.plist; sourceTree = "<group>"; };
		0E262EEB2AF737B100C3CE26 /* ProyectoFinalUITests.xctest */ = {isa = PBXFileReference; explicitFileType = wrapper.cfbundle; includeInIndex = 0; path = ProyectoFinalUITests.xctest; sourceTree = BUILT_PRODUCTS_DIR; };
		0E262EEF2AF737B100C3CE26 /* ProyectoFinalUITests.swift */ = {isa = PBXFileReference; lastKnownFileType = sourcecode.swift; path = ProyectoFinalUITests.swift; sourceTree = "<group>"; };
		0E262EF12AF737B100C3CE26 /* Info.plist */ = {isa = PBXFileReference; lastKnownFileType = text.plist.xml; path = Info.plist; sourceTree = "<group>"; };
/* End PBXFileReference section */

/* Begin PBXFrameworksBuildPhase section */
		0E262ECC2AF737AF00C3CE26 /* Frameworks */ = {
			isa = PBXFrameworksBuildPhase;
			buildActionMask = 2147483647;
			files = (
			);
			runOnlyForDeploymentPostprocessing = 0;
		};
		0E262EDD2AF737B100C3CE26 /* Frameworks */ = {
			isa = PBXFrameworksBuildPhase;
			buildActionMask = 2147483647;
			files = (
			);
			runOnlyForDeploymentPostprocessing = 0;
		};
		0E262EE82AF737B100C3CE26 /* Frameworks */ = {
			isa = PBXFrameworksBuildPhase;
			buildActionMask = 2147483647;
			files = (
			);
			runOnlyForDeploymentPostprocessing = 0;
		};
/* End PBXFrameworksBuildPhase section */

/* Begin PBXGroup section */
		0E262EC62AF737AF00C3CE26 = {
			isa = PBXGroup;
			children = (
				0E262ED12AF737AF00C3CE26 /* ProyectoFinal */,
				0E262EE32AF737B100C3CE26 /* ProyectoFinalTests */,
				0E262EEE2AF737B100C3CE26 /* ProyectoFinalUITests */,
				0E262ED02AF737AF00C3CE26 /* Products */,
			);
			sourceTree = "<group>";
		};
		0E262ED02AF737AF00C3CE26 /* Products */ = {
			isa = PBXGroup;
			children = (
				0E262ECF2AF737AF00C3CE26 /* ProyectoFinal.app */,
				0E262EE02AF737B100C3CE26 /* ProyectoFinalTests.xctest */,
				0E262EEB2AF737B100C3CE26 /* ProyectoFinalUITests.xctest */,
			);
			name = Products;
			sourceTree = "<group>";
		};
		0E262ED12AF737AF00C3CE26 /* ProyectoFinal */ = {
			isa = PBXGroup;
			children = (
				0E262ED22AF737AF00C3CE26 /* ProyectoFinalApp.swift */,
				0E262ED42AF737AF00C3CE26 /* ContentView.swift */,
				0E262ED62AF737B000C3CE26 /* Assets.xcassets */,
				0E262EDB2AF737B000C3CE26 /* Info.plist */,
				0E262ED82AF737B000C3CE26 /* Preview Content */,
			);
			path = ProyectoFinal;
			sourceTree = "<group>";
		};
		0E262ED82AF737B000C3CE26 /* Preview Content */ = {
			isa = PBXGroup;
			children = (
				0E262ED92AF737B000C3CE26 /* Preview Assets.xcassets */,
			);
			path = "Preview Content";
			sourceTree = "<group>";
		};
		0E262EE32AF737B100C3CE26 /* ProyectoFinalTests */ = {
			isa = PBXGroup;
			children = (
				0E262EE42AF737B100C3CE26 /* ProyectoFinalTests.swift */,
				0E262EE62AF737B100C3CE26 /* Info.plist */,
			);
			path = ProyectoFinalTests;
			sourceTree = "<group>";
		};
		0E262EEE2AF737B100C3CE26 /* ProyectoFinalUITests */ = {
			isa = PBXGroup;
			children = (
				0E262EEF2AF737B100C3CE26 /* ProyectoFinalUITests.swift */,
				0E262EF12AF737B100C3CE26 /* Info.plist */,
			);
			path = ProyectoFinalUITests;
			sourceTree = "<group>";
		};
/* End PBXGroup section */

/* Begin PBXNativeTarget section */
		0E262ECE2AF737AF00C3CE26 /* ProyectoFinal */ = {
			isa = PBXNativeTarget;
			buildConfigurationList = 0E262EF42AF737B100C3CE26 /* Build configuration list for PBXNativeTarget "ProyectoFinal" */;
			buildPhases = (
				0E262ECB2AF737AF00C3CE26 /* Sources */,
				0E262ECC2AF737AF00C3CE26 /* Frameworks */,
				0E262ECD2AF737AF00C3CE26 /* Resources */,
			);
			buildRules = (
			);
			dependencies = (
			);
			name = ProyectoFinal;
			productName = ProyectoFinal;
			productReference = 0E262ECF2AF737AF00C3CE26 /* ProyectoFinal.app */;
			productType = "com.apple.product-type.application";
		};
		0E262EDF2AF737B100C3CE26 /* ProyectoFinalTests */ = {
			isa = PBXNativeTarget;
			buildConfigurationList = 0E262EF72AF737B100C3CE26 /* Build configuration list for PBXNativeTarget "ProyectoFinalTests" */;
			buildPhases = (
				0E262EDC2AF737B100C3CE26 /* Sources */,
				0E262EDD2AF737B100C3CE26 /* Frameworks */,
				0E262EDE2AF737B100C3CE26 /* Resources */,
			);
			buildRules = (
			);
			dependencies = (
				0E262EE22AF737B100C3CE26 /* PBXTargetDependency */,
			);
			name = ProyectoFinalTests;
			productName = ProyectoFinalTests;
			productReference = 0E262EE02AF737B100C3CE26 /* ProyectoFinalTests.xctest */;
			productType = "com.apple.product-type.bundle.unit-test";
		};
		0E262EEA2AF737B100C3CE26 /* ProyectoFinalUITests */ = {
			isa = PBXNativeTarget;
			buildConfigurationList = 0E262EFA2AF737B100C3CE26 /* Build configuration list for PBXNativeTarget "ProyectoFinalUITests" */;
			buildPhases = (
				0E262EE72AF737B100C3CE26 /* Sources */,
				0E262EE82AF737B100C3CE26 /* Frameworks */,
				0E262EE92AF737B100C3CE26 /* Resources */,
			);
			buildRules = (
			);
			dependencies = (
				0E262EED2AF737B100C3CE26 /* PBXTargetDependency */,
			);
			name = ProyectoFinalUITests;
			productName = ProyectoFinalUITests;
			productReference = 0E262EEB2AF737B100C3CE26 /* ProyectoFinalUITests.xctest */;
			productType = "com.apple.product-type.bundle.ui-testing";
		};
/* End PBXNativeTarget section */

/* Begin PBXProject section */
		0E262EC72AF737AF00C3CE26 /* Project object */ = {
			isa = PBXProject;
			attributes = {
				LastSwiftUpdateCheck = 1240;
				LastUpgradeCheck = 1240;
				TargetAttributes = {
					0E262ECE2AF737AF00C3CE26 = {
						CreatedOnToolsVersion = 12.4;
					};
					0E262EDF2AF737B100C3CE26 = {
						CreatedOnToolsVersion = 12.4;
						TestTargetID = 0E262ECE2AF737AF00C3CE26;
					};
					0E262EEA2AF737B100C3CE26 = {
						CreatedOnToolsVersion = 12.4;
						TestTargetID = 0E262ECE2AF737AF00C3CE26;
					};
				};
			};
			buildConfigurationList = 0E262ECA2AF737AF00C3CE26 /* Build configuration list for PBXProject "ProyectoFinal" */;
			compatibilityVersion = "Xcode 9.3";
			developmentRegion = en;
			hasScannedForEncodings = 0;
			knownRegions = (
				en,
				Base,
			);
			mainGroup = 0E262EC62AF737AF00C3CE26;
			productRefGroup = 0E262ED02AF737AF00C3CE26 /* Products */;
			projectDirPath = "";
			projectRoot = "";
			targets = (
				0E262ECE2AF737AF00C3CE26 /* ProyectoFinal */,
				0E262EDF2AF737B100C3CE26 /* ProyectoFinalTests */,
				0E262EEA2AF737B100C3CE26 /* ProyectoFinalUITests */,
			);
		};
/* End PBXProject section */

/* Begin PBXResourcesBuildPhase section */
		0E262ECD2AF737AF00C3CE26 /* Resources */ = {
			isa = PBXResourcesBuildPhase;
			buildActionMask = 2147483647;
			files = (
				0E262EDA2AF737B000C3CE26 /* Preview Assets.xcassets in Resources */,
				0E262ED72AF737B000C3CE26 /* Assets.xcassets in Resources */,
			);
			runOnlyForDeploymentPostprocessing = 0;
		};
		0E262EDE2AF737B100C3CE26 /* Resources */ = {
			isa = PBXResourcesBuildPhase;
			buildActionMask = 2147483647;
			files = (
			);
			runOnlyForDeploymentPostprocessing = 0;
		};
		0E262EE92AF737B100C3CE26 /* Resources */ = {
			isa = PBXResourcesBuildPhase;
			buildActionMask = 2147483647;
			files = (
			);
			runOnlyForDeploymentPostprocessing = 0;
		};
/* End PBXResourcesBuildPhase section */

/* Begin PBXSourcesBuildPhase section */
		0E262ECB2AF737AF00C3CE26 /* Sources */ = {
			isa = PBXSourcesBuildPhase;
			buildActionMask = 2147483647;
			files = (
				0E262ED52AF737AF00C3CE26 /* ContentView.swift in Sources */,
				0E262ED32AF737AF00C3CE26 /* ProyectoFinalApp.swift in Sources */,
			);
			runOnlyForDeploymentPostprocessing = 0;
		};
		0E262EDC2AF737B100C3CE26 /* Sources */ = {
			isa = PBXSourcesBuildPhase;
			buildActionMask = 2147483647;
			files = (
				0E262EE52AF737B100C3CE26 /* ProyectoFinalTests.swift in Sources */,
			);
			runOnlyForDeploymentPostprocessing = 0;
		};
		0E262EE72AF737B100C3CE26 /* Sources */ = {
			isa = PBXSourcesBuildPhase;
			buildActionMask = 2147483647;
			files = (
				0E262EF02AF737B100C3CE26 /* ProyectoFinalUITests.swift in Sources */,
			);
			runOnlyForDeploymentPostprocessing = 0;
		};
/* End PBXSourcesBuildPhase section */

/* Begin PBXTargetDependency section */
		0E262EE22AF737B100C3CE26 /* PBXTargetDependency */ = {
			isa = PBXTargetDependency;
			target = 0E262ECE2AF737AF00C3CE26 /* ProyectoFinal */;
			targetProxy = 0E262EE12AF737B100C3CE26 /* PBXContainerItemProxy */;
		};
		0E262EED2AF737B100C3CE26 /* PBXTargetDependency */ = {
			isa = PBXTargetDependency;
			target = 0E262ECE2AF737AF00C3CE26 /* ProyectoFinal */;
			targetProxy = 0E262EEC2AF737B100C3CE26 /* PBXContainerItemProxy */;
		};
/* End PBXTargetDependency section */

/* Begin XCBuildConfiguration section */
		0E262EF22AF737B100C3CE26 /* Debug */ = {
			isa = XCBuildConfiguration;
			buildSettings = {
				ALWAYS_SEARCH_USER_PATHS = NO;
				CLANG_ANALYZER_NONNULL = YES;
				CLANG_ANALYZER_NUMBER_OBJECT_CONVERSION = YES_AGGRESSIVE;
				CLANG_CXX_LANGUAGE_STANDARD = "gnu++14";
				CLANG_CXX_LIBRARY = "libc++";
				CLANG_ENABLE_MODULES = YES;
				CLANG_ENABLE_OBJC_ARC = YES;
				CLANG_ENABLE_OBJC_WEAK = YES;
				CLANG_WARN_BLOCK_CAPTURE_AUTORELEASING = YES;
				CLANG_WARN_BOOL_CONVERSION = YES;
				CLANG_WARN_COMMA = YES;
				CLANG_WARN_CONSTANT_CONVERSION = YES;
				CLANG_WARN_DEPRECATED_OBJC_IMPLEMENTATIONS = YES;
				CLANG_WARN_DIRECT_OBJC_ISA_USAGE = YES_ERROR;
				CLANG_WARN_DOCUMENTATION_COMMENTS = YES;
				CLANG_WARN_EMPTY_BODY = YES;
				CLANG_WARN_ENUM_CONVERSION = YES;
				CLANG_WARN_INFINITE_RECURSION = YES;
				CLANG_WARN_INT_CONVERSION = YES;
				CLANG_WARN_NON_LITERAL_NULL_CONVERSION = YES;
				CLANG_WARN_OBJC_IMPLICIT_RETAIN_SELF = YES;
				CLANG_WARN_OBJC_LITERAL_CONVERSION = YES;
				CLANG_WARN_OBJC_ROOT_CLASS = YES_ERROR;
				CLANG_WARN_QUOTED_INCLUDE_IN_FRAMEWORK_HEADER = YES;
				CLANG_WARN_RANGE_LOOP_ANALYSIS = YES;
				CLANG_WARN_STRICT_PROTOTYPES = YES;
				CLANG_WARN_SUSPICIOUS_MOVE = YES;
				CLANG_WARN_UNGUARDED_AVAILABILITY = YES_AGGRESSIVE;
				CLANG_WARN_UNREACHABLE_CODE = YES;
				CLANG_WARN__DUPLICATE_METHOD_MATCH = YES;
				COPY_PHASE_STRIP = NO;
				DEBUG_INFORMATION_FORMAT = dwarf;
				ENABLE_STRICT_OBJC_MSGSEND = YES;
				ENABLE_TESTABILITY = YES;
				GCC_C_LANGUAGE_STANDARD = gnu11;
				GCC_DYNAMIC_NO_PIC = NO;
				GCC_NO_COMMON_BLOCKS = YES;
				GCC_OPTIMIZATION_LEVEL = 0;
				GCC_PREPROCESSOR_DEFINITIONS = (
					"DEBUG=1",
					"$(inherited)",
				);
				GCC_WARN_64_TO_32_BIT_CONVERSION = YES;
				GCC_WARN_ABOUT_RETURN_TYPE = YES_ERROR;
				GCC_WARN_UNDECLARED_SELECTOR = YES;
				GCC_WARN_UNINITIALIZED_AUTOS = YES_AGGRESSIVE;
				GCC_WARN_UNUSED_FUNCTION = YES;
				GCC_WARN_UNUSED_VARIABLE = YES;
				IPHONEOS_DEPLOYMENT_TARGET = 14.4;
				MTL_ENABLE_DEBUG_INFO = INCLUDE_SOURCE;
				MTL_FAST_MATH = YES;
				ONLY_ACTIVE_ARCH = YES;
				SDKROOT = iphoneos;
				SWIFT_ACTIVE_COMPILATION_CONDITIONS = DEBUG;
				SWIFT_OPTIMIZATION_LEVEL = "-Onone";
			};
			name = Debug;
		};
		0E262EF32AF737B100C3CE26 /* Release */ = {
			isa = XCBuildConfiguration;
			buildSettings = {
				ALWAYS_SEARCH_USER_PATHS = NO;
				CLANG_ANALYZER_NONNULL = YES;
				CLANG_ANALYZER_NUMBER_OBJECT_CONVERSION = YES_AGGRESSIVE;
				CLANG_CXX_LANGUAGE_STANDARD = "gnu++14";
				CLANG_CXX_LIBRARY = "libc++";
				CLANG_ENABLE_MODULES = YES;
				CLANG_ENABLE_OBJC_ARC = YES;
				CLANG_ENABLE_OBJC_WEAK = YES;
				CLANG_WARN_BLOCK_CAPTURE_AUTORELEASING = YES;
				CLANG_WARN_BOOL_CONVERSION = YES;
				CLANG_WARN_COMMA = YES;
				CLANG_WARN_CONSTANT_CONVERSION = YES;
				CLANG_WARN_DEPRECATED_OBJC_IMPLEMENTATIONS = YES;
				CLANG_WARN_DIRECT_OBJC_ISA_USAGE = YES_ERROR;
				CLANG_WARN_DOCUMENTATION_COMMENTS = YES;
				CLANG_WARN_EMPTY_BODY = YES;
				CLANG_WARN_ENUM_CONVERSION = YES;
				CLANG_WARN_INFINITE_RECURSION = YES;
				CLANG_WARN_INT_CONVERSION = YES;
				CLANG_WARN_NON_LITERAL_NULL_CONVERSION = YES;
				CLANG_WARN_OBJC_IMPLICIT_RETAIN_SELF = YES;
				CLANG_WARN_OBJC_LITERAL_CONVERSION = YES;
				CLANG_WARN_OBJC_ROOT_CLASS = YES_ERROR;
				CLANG_WARN_QUOTED_INCLUDE_IN_FRAMEWORK_HEADER = YES;
				CLANG_WARN_RANGE_LOOP_ANALYSIS = YES;
				CLANG_WARN_STRICT_PROTOTYPES = YES;
				CLANG_WARN_SUSPICIOUS_MOVE = YES;
				CLANG_WARN_UNGUARDED_AVAILABILITY = YES_AGGRESSIVE;
				CLANG_WARN_UNREACHABLE_CODE = YES;
				CLANG_WARN__DUPLICATE_METHOD_MATCH = YES;
				COPY_PHASE_STRIP = NO;
				DEBUG_INFORMATION_FORMAT = "dwarf-with-dsym";
				ENABLE_NS_ASSERTIONS = NO;
				ENABLE_STRICT_OBJC_MSGSEND = YES;
				GCC_C_LANGUAGE_STANDARD = gnu11;
				GCC_NO_COMMON_BLOCKS = YES;
				GCC_WARN_64_TO_32_BIT_CONVERSION = YES;
				GCC_WARN_ABOUT_RETURN_TYPE = YES_ERROR;
				GCC_WARN_UNDECLARED_SELECTOR = YES;
				GCC_WARN_UNINITIALIZED_AUTOS = YES_AGGRESSIVE;
				GCC_WARN_UNUSED_FUNCTION = YES;
				GCC_WARN_UNUSED_VARIABLE = YES;
				IPHONEOS_DEPLOYMENT_TARGET = 14.4;
				MTL_ENABLE_DEBUG_INFO = NO;
				MTL_FAST_MATH = YES;
				SDKROOT = iphoneos;
				SWIFT_COMPILATION_MODE = wholemodule;
				SWIFT_OPTIMIZATION_LEVEL = "-O";
				VALIDATE_PRODUCT = YES;
			};
			name = Release;
		};
		0E262EF52AF737B100C3CE26 /* Debug */ = {
			isa = XCBuildConfiguration;
			buildSettings = {
				ASSETCATALOG_COMPILER_APPICON_NAME = AppIcon;
				ASSETCATALOG_COMPILER_GLOBAL_ACCENT_COLOR_NAME = AccentColor;
				CODE_SIGN_STYLE = Automatic;
				DEVELOPMENT_ASSET_PATHS = "\"ProyectoFinal/Preview Content\"";
				DEVELOPMENT_TEAM = HJ9ZYVRR7T;
				ENABLE_PREVIEWS = YES;
				INFOPLIST_FILE = ProyectoFinal/Info.plist;
				IPHONEOS_DEPLOYMENT_TARGET = 14.0;
				LD_RUNPATH_SEARCH_PATHS = (
					"$(inherited)",
					"@executable_path/Frameworks",
				);
				PRODUCT_BUNDLE_IDENTIFIER = utec.edu.sv.ProyectoFinal;
				PRODUCT_NAME = "$(TARGET_NAME)";
				SWIFT_VERSION = 5.0;
				TARGETED_DEVICE_FAMILY = "1,2";
			};
			name = Debug;
		};
		0E262EF62AF737B100C3CE26 /* Release */ = {
			isa = XCBuildConfiguration;
			buildSettings = {
				ASSETCATALOG_COMPILER_APPICON_NAME = AppIcon;
				ASSETCATALOG_COMPILER_GLOBAL_ACCENT_COLOR_NAME = AccentColor;
				CODE_SIGN_STYLE = Automatic;
				DEVELOPMENT_ASSET_PATHS = "\"ProyectoFinal/Preview Content\"";
				DEVELOPMENT_TEAM = HJ9ZYVRR7T;
				ENABLE_PREVIEWS = YES;
				INFOPLIST_FILE = ProyectoFinal/Info.plist;
				IPHONEOS_DEPLOYMENT_TARGET = 14.0;
				LD_RUNPATH_SEARCH_PATHS = (
					"$(inherited)",
					"@executable_path/Frameworks",
				);
				PRODUCT_BUNDLE_IDENTIFIER = utec.edu.sv.ProyectoFinal;
				PRODUCT_NAME = "$(TARGET_NAME)";
				SWIFT_VERSION = 5.0;
				TARGETED_DEVICE_FAMILY = "1,2";
			};
			name = Release;
		};
		0E262EF82AF737B100C3CE26 /* Debug */ = {
			isa = XCBuildConfiguration;
			buildSettings = {
				ALWAYS_EMBED_SWIFT_STANDARD_LIBRARIES = YES;
				BUNDLE_LOADER = "$(TEST_HOST)";
				CODE_SIGN_STYLE = Automatic;
				DEVELOPMENT_TEAM = HJ9ZYVRR7T;
				INFOPLIST_FILE = ProyectoFinalTests/Info.plist;
				IPHONEOS_DEPLOYMENT_TARGET = 14.0;
				LD_RUNPATH_SEARCH_PATHS = (
					"$(inherited)",
					"@executable_path/Frameworks",
					"@loader_path/Frameworks",
				);
				PRODUCT_BUNDLE_IDENTIFIER = utec.edu.sv.ProyectoFinalTests;
				PRODUCT_NAME = "$(TARGET_NAME)";
				SWIFT_VERSION = 5.0;
				TARGETED_DEVICE_FAMILY = "1,2";
				TEST_HOST = "$(BUILT_PRODUCTS_DIR)/ProyectoFinal.app/ProyectoFinal";
			};
			name = Debug;
		};
		0E262EF92AF737B100C3CE26 /* Release */ = {
			isa = XCBuildConfiguration;
			buildSettings = {
				ALWAYS_EMBED_SWIFT_STANDARD_LIBRARIES = YES;
				BUNDLE_LOADER = "$(TEST_HOST)";
				CODE_SIGN_STYLE = Automatic;
				DEVELOPMENT_TEAM = HJ9ZYVRR7T;
				INFOPLIST_FILE = ProyectoFinalTests/Info.plist;
				IPHONEOS_DEPLOYMENT_TARGET = 14.0;
				LD_RUNPATH_SEARCH_PATHS = (
					"$(inherited)",
					"@executable_path/Frameworks",
					"@loader_path/Frameworks",
				);
				PRODUCT_BUNDLE_IDENTIFIER = utec.edu.sv.ProyectoFinalTests;
				PRODUCT_NAME = "$(TARGET_NAME)";
				SWIFT_VERSION = 5.0;
				TARGETED_DEVICE_FAMILY = "1,2";
				TEST_HOST = "$(BUILT_PRODUCTS_DIR)/ProyectoFinal.app/ProyectoFinal";
			};
			name = Release;
		};
		0E262EFB2AF737B100C3CE26 /* Debug */ = {
			isa = XCBuildConfiguration;
			buildSettings = {
				ALWAYS_EMBED_SWIFT_STANDARD_LIBRARIES = YES;
				CODE_SIGN_STYLE = Automatic;
				DEVELOPMENT_TEAM = HJ9ZYVRR7T;
				INFOPLIST_FILE = ProyectoFinalUITests/Info.plist;
				LD_RUNPATH_SEARCH_PATHS = (
					"$(inherited)",
					"@executable_path/Frameworks",
					"@loader_path/Frameworks",
				);
				PRODUCT_BUNDLE_IDENTIFIER = utec.edu.sv.ProyectoFinalUITests;
				PRODUCT_NAME = "$(TARGET_NAME)";
				SWIFT_VERSION = 5.0;
				TARGETED_DEVICE_FAMILY = "1,2";
				TEST_TARGET_NAME = ProyectoFinal;
			};
			name = Debug;
		};
		0E262EFC2AF737B100C3CE26 /* Release */ = {
			isa = XCBuildConfiguration;
			buildSettings = {
				ALWAYS_EMBED_SWIFT_STANDARD_LIBRARIES = YES;
				CODE_SIGN_STYLE = Automatic;
				DEVELOPMENT_TEAM = HJ9ZYVRR7T;
				INFOPLIST_FILE = ProyectoFinalUITests/Info.plist;
				LD_RUNPATH_SEARCH_PATHS = (
					"$(inherited)",
					"@executable_path/Frameworks",
					"@loader_path/Frameworks",
				);
				PRODUCT_BUNDLE_IDENTIFIER = utec.edu.sv.ProyectoFinalUITests;
				PRODUCT_NAME = "$(TARGET_NAME)";
				SWIFT_VERSION = 5.0;
				TARGETED_DEVICE_FAMILY = "1,2";
				TEST_TARGET_NAME = ProyectoFinal;
			};
			name = Release;
		};
/* End XCBuildConfiguration section */

/* Begin XCConfigurationList section */
		0E262ECA2AF737AF00C3CE26 /* Build configuration list for PBXProject "ProyectoFinal" */ = {
			isa = XCConfigurationList;
			buildConfigurations = (
				0E262EF22AF737B100C3CE26 /* Debug */,
				0E262EF32AF737B100C3CE26 /* Release */,
			);
			defaultConfigurationIsVisible = 0;
			defaultConfigurationName = Release;
		};
		0E262EF42AF737B100C3CE26 /* Build configuration list for PBXNativeTarget "ProyectoFinal" */ = {
			isa = XCConfigurationList;
			buildConfigurations = (
				0E262EF52AF737B100C3CE26 /* Debug */,
				0E262EF62AF737B100C3CE26 /* Release */,
			);
			defaultConfigurationIsVisible = 0;
			defaultConfigurationName = Release;
		};
		0E262EF72AF737B100C3CE26 /* Build configuration list for PBXNativeTarget "ProyectoFinalTests" */ = {
			isa = XCConfigurationList;
			buildConfigurations = (
				0E262EF82AF737B100C3CE26 /* Debug */,
				0E262EF92AF737B100C3CE26 /* Release */,
			);
			defaultConfigurationIsVisible = 0;
			defaultConfigurationName = Release;
		};
		0E262EFA2AF737B100C3CE26 /* Build configuration list for PBXNativeTarget "ProyectoFinalUITests" */ = {
			isa = XCConfigurationList;
			buildConfigurations = (
				0E262EFB2AF737B100C3CE26 /* Debug */,
				0E262EFC2AF737B100C3CE26 /* Release */,
			);
			defaultConfigurationIsVisible = 0;
			defaultConfigurationName = Release;
		};
/* End XCConfigurationList section */
	};
	rootObject = 0E262EC72AF737AF00C3CE26 /* Project object */;
}
